
Microsoft Visual Studio Solution File, Format Version 12.00
# Visual Studio Version 16
VisualStudioVersion = 16.0.32106.194
MinimumVisualStudioVersion = 10.0.40219.1
Project("{FAE04EC0-301F-11D3-BF4B-00C04F79EFBC}") = "ManagmentSystem", "3 paged web app for crud operation on customer\ManagmentSystem.csproj", "{BEA0388D-9C34-428F-A468-3ECDBE6E7CD8}"
EndProject
Project("{FAE04EC0-301F-11D3-BF4B-00C04F79EFBC}") = "BL", "BL\BL.csproj", "{39EEEC78-A01E-4DA6-AD19-775A7C0A51FD}"
EndProject
Project("{FAE04EC0-301F-11D3-BF4B-00C04F79EFBC}") = "DA", "DA\DA.csproj", "{1679FDC0-BA72-4F9E-A625-212C8F058481}"
EndProject
Global
	GlobalSection(SolutionConfigurationPlatforms) = preSolution
		Debug|Any CPU = Debug|Any CPU
		Release|Any CPU = Release|Any CPU
	EndGlobalSection
	GlobalSection(ProjectConfigurationPlatforms) = postSolution
		{BEA0388D-9C34-428F-A468-3ECDBE6E7CD8}.Debug|Any CPU.ActiveCfg = Debug|Any CPU
		{BEA0388D-9C34-428F-A468-3ECDBE6E7CD8}.Debug|Any CPU.Build.0 = Debug|Any CPU
		{BEA0388D-9C34-428F-A468-3ECDBE6E7CD8}.Release|Any CPU.ActiveCfg = Release|Any CPU
		{BEA0388D-9C34-428F-A468-3ECDBE6E7CD8}.Release|Any CPU.Build.0 = Release|Any CPU
		{39EEEC78-A01E-4DA6-AD19-775A7C0A51FD}.Debug|Any CPU.ActiveCfg = Debug|Any CPU
		{39EEEC78-A01E-4DA6-AD19-775A7C0A51FD}.Debug|Any CPU.Build.0 = Debug|Any CPU
		{39EEEC78-A01E-4DA6-AD19-775A7C0A51FD}.Release|Any CPU.ActiveCfg = Release|Any CPU
		{39EEEC78-A01E-4DA6-AD19-775A7C0A51FD}.Release|Any CPU.Build.0 = Release|Any CPU
		{1679FDC0-BA72-4F9E-A625-212C8F058481}.Debug|Any CPU.ActiveCfg = Debug|Any CPU
		{1679FDC0-BA72-4F9E-A625-212C8F058481}.Debug|Any CPU.Build.0 = Debug|Any CPU
		{1679FDC0-BA72-4F9E-A625-212C8F058481}.Release|Any CPU.ActiveCfg = Release|Any CPU
		{1679FDC0-BA72-4F9E-A625-212C8F058481}.Release|Any CPU.Build.0 = Release|Any CPU
	EndGlobalSection
	GlobalSection(SolutionProperties) = preSolution
		HideSolutionNode = FALSE
	EndGlobalSection
	GlobalSection(ExtensibilityGlobals) = postSolution
		SolutionGuid = {4B3FA115-9489-4310-A054-63977AA536BA}
	EndGlobalSection
EndGlobal
